
Microsoft Visual Studio Solution File, Format Version 12.00
# Visual Studio Version 16
VisualStudioVersion = 16.0.28729.10
MinimumVisualStudioVersion = 10.0.40219.1
Project("{FAE04EC0-301F-11D3-BF4B-00C04F79EFBC}") = "Keygen", "Keygen\Keygen.csproj", "{45F2C55F-BCAF-48CF-9B3C-CE805207D5D6}"
EndProject
Global
	GlobalSection(SolutionConfigurationPlatforms) = preSolution
		Debug|Any CPU = Debug|Any CPU
		Release|Any CPU = Release|Any CPU
	EndGlobalSection
	GlobalSection(ProjectConfigurationPlatforms) = postSolution
		{45F2C55F-BCAF-48CF-9B3C-CE805207D5D6}.Debug|Any CPU.ActiveCfg = Debug|Any CPU
		{45F2C55F-BCAF-48CF-9B3C-CE805207D5D6}.Debug|Any CPU.Build.0 = Debug|Any CPU
		{45F2C55F-BCAF-48CF-9B3C-CE805207D5D6}.Release|Any CPU.ActiveCfg = Release|Any CPU
		{45F2C55F-BCAF-48CF-9B3C-CE805207D5D6}.Release|Any CPU.Build.0 = Release|Any CPU
	EndGlobalSection
	GlobalSection(SolutionProperties) = preSolution
		HideSolutionNode = FALSE
	EndGlobalSection
	GlobalSection(ExtensibilityGlobals) = postSolution
		SolutionGuid = {F46EA8A9-F563-4A4A-B2E0-E87273BBEFA2}
	EndGlobalSection
EndGlobal
